{
    "_meta": {
        "hash": {
            "sha256": "0853a09dae800cdbe113e82cdff088949d3effdc4e493de81f89f7495dbb9427"
        },
        "pipfile-spec": 6,
        "requires": {
            "python_version": "3.8"
        },
        "sources": [
            {
                "name": "pypi",
                "url": "https://pypi.org/simple",
                "verify_ssl": true
            }
        ]
    },
    "default": {
        "aiohttp-babel": {
            "editable": true,
            "git": "https://github.com/jie/aiohttp_babel"
        }
    },
    "develop": {}
}
